
Microsoft Visual Studio Solution File, Format Version 12.00
# Visual Studio Version 17
VisualStudioVersion = 17.13.35828.75
MinimumVisualStudioVersion = 10.0.40219.1
Project("{FAE04EC0-301F-11D3-BF4B-00C04F79EFBC}") = "Ex1.ConsoleApp", "Ex1.ConsoleApp\Ex1.ConsoleApp.csproj", "{F30BD035-CE6D-4327-A8F7-7F0341F41DB7}"
EndProject
Project("{FAE04EC0-301F-11D3-BF4B-00C04F79EFBC}") = "Ex2.ConsoleApp", "Ex2.ConsoleApp\Ex2.ConsoleApp.csproj", "{68715F33-02E1-4E52-93E5-9C8EB557BA3B}"
EndProject
Project("{FAE04EC0-301F-11D3-BF4B-00C04F79EFBC}") = "Ex3.ConsoleApp", "Ex3.ConsoleApp\Ex3.ConsoleApp.csproj", "{B0691F60-6953-4FC1-93A6-9AD0EFEFA6F6}"
EndProject
Project("{FAE04EC0-301F-11D3-BF4B-00C04F79EFBC}") = "Ex4.ConsoleApp", "Ex4.ConsoleApp\Ex4.ConsoleApp.csproj", "{9C3A638D-5B42-419F-9E71-EC3F1FD8DB0D}"
EndProject
Project("{FAE04EC0-301F-11D3-BF4B-00C04F79EFBC}") = "Ex5.ConsoleApp", "Ex5.ConsoleApp\Ex5.ConsoleApp.csproj", "{849EF605-2D61-4668-9225-D5AC10EC1AD5}"
EndProject
Project("{FAE04EC0-301F-11D3-BF4B-00C04F79EFBC}") = "Ex6.ConsoleApp", "Ex6.ConsoleApp\Ex6.ConsoleApp.csproj", "{B9DCD928-B43B-4DAE-94A0-0F82D490F501}"
EndProject
Project("{FAE04EC0-301F-11D3-BF4B-00C04F79EFBC}") = "Ex7.ConsoleApp", "Ex7.ConsoleApp\Ex7.ConsoleApp.csproj", "{AC41B7C9-3231-4639-A81C-3E344AC2C30E}"
EndProject
Project("{FAE04EC0-301F-11D3-BF4B-00C04F79EFBC}") = "Ex8.ConsoleApp", "Ex8.ConsoleApp\Ex8.ConsoleApp.csproj", "{9A46EF9E-99CC-4679-970E-84507290105F}"
EndProject
Project("{FAE04EC0-301F-11D3-BF4B-00C04F79EFBC}") = "Ex9.ConsoleApp", "Ex9.ConsoleApp\Ex9.ConsoleApp.csproj", "{93286F61-AAE7-4A9A-9E79-F42C87BD5614}"
EndProject
Project("{FAE04EC0-301F-11D3-BF4B-00C04F79EFBC}") = "Ex10.ConsoleApp", "Ex10.ConsoleApp\Ex10.ConsoleApp.csproj", "{F2B62A71-9D96-4E70-903B-F61A24B80879}"
EndProject
Project("{FAE04EC0-301F-11D3-BF4B-00C04F79EFBC}") = "Ex11.ConsoleApp", "Ex11.ConsoleApp\Ex11.ConsoleApp.csproj", "{E6C067DB-ACBD-4AFA-B3AC-F144B3E40C31}"
EndProject
Project("{FAE04EC0-301F-11D3-BF4B-00C04F79EFBC}") = "Ex12.ConsoleApp", "Ex12.ConsoleApp\Ex12.ConsoleApp.csproj", "{1CCB5139-4757-4B7E-844F-E70A0951BDC2}"
EndProject
Project("{FAE04EC0-301F-11D3-BF4B-00C04F79EFBC}") = "Ex13.ConsoleApp", "Ex13.ConsoleApp\Ex13.ConsoleApp.csproj", "{520D94B7-8A52-490B-A3A4-7B5935085AE1}"
EndProject
Project("{FAE04EC0-301F-11D3-BF4B-00C04F79EFBC}") = "Ex14.ConsoleApp", "Ex14.ConsoleApp\Ex14.ConsoleApp.csproj", "{749F4FC4-FC08-439D-B8A1-EE5C66E24414}"
EndProject
Project("{FAE04EC0-301F-11D3-BF4B-00C04F79EFBC}") = "Ex15.ConsoleApp", "Ex15.ConsoleApp\Ex15.ConsoleApp.csproj", "{D5F5CAC2-A8B0-4C8C-96E8-2363FBA51C67}"
EndProject
Project("{FAE04EC0-301F-11D3-BF4B-00C04F79EFBC}") = "Ex16.ConsoleApp", "Ex16.ConsoleApp\Ex16.ConsoleApp.csproj", "{4B73035C-8F46-44F8-8FC0-D5B38F1E05C9}"
EndProject
Project("{FAE04EC0-301F-11D3-BF4B-00C04F79EFBC}") = "Ex17.ConsoleApp", "Ex17.ConsoleApp\Ex17.ConsoleApp.csproj", "{AC4642E2-E952-44AA-838B-D258FA8DE8DB}"
EndProject
Project("{FAE04EC0-301F-11D3-BF4B-00C04F79EFBC}") = "Ex18.ConsoleApp", "Ex18.ConsoleApp\Ex18.ConsoleApp.csproj", "{17137A24-8FD5-46B5-9E06-E41EA970E528}"
EndProject
Project("{FAE04EC0-301F-11D3-BF4B-00C04F79EFBC}") = "Ex19.ConsoleApp", "Ex19.ConsoleApp\Ex19.ConsoleApp.csproj", "{52271A11-3CBE-48F2-AA40-4474C647547C}"
EndProject
Project("{FAE04EC0-301F-11D3-BF4B-00C04F79EFBC}") = "Ex20.ConsoleApp", "Ex20.ConsoleApp\Ex20.ConsoleApp.csproj", "{6C58DAB4-0CA0-49F4-96F2-2CCDB9F60759}"
EndProject
Project("{FAE04EC0-301F-11D3-BF4B-00C04F79EFBC}") = "Ex21.ConsoleApp", "Ex21.ConsoleApp\Ex21.ConsoleApp.csproj", "{614A8E7D-D790-4D22-8DB1-4B3DA8684A22}"
EndProject
Project("{FAE04EC0-301F-11D3-BF4B-00C04F79EFBC}") = "Ex22.ConsoleApp", "Ex22.ConsoleApp\Ex22.ConsoleApp.csproj", "{1A543D21-552B-4024-97B3-62E6147AA2BE}"
EndProject
Global
	GlobalSection(SolutionConfigurationPlatforms) = preSolution
		Debug|Any CPU = Debug|Any CPU
		Release|Any CPU = Release|Any CPU
	EndGlobalSection
	GlobalSection(ProjectConfigurationPlatforms) = postSolution
		{F30BD035-CE6D-4327-A8F7-7F0341F41DB7}.Debug|Any CPU.ActiveCfg = Debug|Any CPU
		{F30BD035-CE6D-4327-A8F7-7F0341F41DB7}.Debug|Any CPU.Build.0 = Debug|Any CPU
		{F30BD035-CE6D-4327-A8F7-7F0341F41DB7}.Release|Any CPU.ActiveCfg = Release|Any CPU
		{F30BD035-CE6D-4327-A8F7-7F0341F41DB7}.Release|Any CPU.Build.0 = Release|Any CPU
		{68715F33-02E1-4E52-93E5-9C8EB557BA3B}.Debug|Any CPU.ActiveCfg = Debug|Any CPU
		{68715F33-02E1-4E52-93E5-9C8EB557BA3B}.Debug|Any CPU.Build.0 = Debug|Any CPU
		{68715F33-02E1-4E52-93E5-9C8EB557BA3B}.Release|Any CPU.ActiveCfg = Release|Any CPU
		{68715F33-02E1-4E52-93E5-9C8EB557BA3B}.Release|Any CPU.Build.0 = Release|Any CPU
		{B0691F60-6953-4FC1-93A6-9AD0EFEFA6F6}.Debug|Any CPU.ActiveCfg = Debug|Any CPU
		{B0691F60-6953-4FC1-93A6-9AD0EFEFA6F6}.Debug|Any CPU.Build.0 = Debug|Any CPU
		{B0691F60-6953-4FC1-93A6-9AD0EFEFA6F6}.Release|Any CPU.ActiveCfg = Release|Any CPU
		{B0691F60-6953-4FC1-93A6-9AD0EFEFA6F6}.Release|Any CPU.Build.0 = Release|Any CPU
		{9C3A638D-5B42-419F-9E71-EC3F1FD8DB0D}.Debug|Any CPU.ActiveCfg = Debug|Any CPU
		{9C3A638D-5B42-419F-9E71-EC3F1FD8DB0D}.Debug|Any CPU.Build.0 = Debug|Any CPU
		{9C3A638D-5B42-419F-9E71-EC3F1FD8DB0D}.Release|Any CPU.ActiveCfg = Release|Any CPU
		{9C3A638D-5B42-419F-9E71-EC3F1FD8DB0D}.Release|Any CPU.Build.0 = Release|Any CPU
		{849EF605-2D61-4668-9225-D5AC10EC1AD5}.Debug|Any CPU.ActiveCfg = Debug|Any CPU
		{849EF605-2D61-4668-9225-D5AC10EC1AD5}.Debug|Any CPU.Build.0 = Debug|Any CPU
		{849EF605-2D61-4668-9225-D5AC10EC1AD5}.Release|Any CPU.ActiveCfg = Release|Any CPU
		{849EF605-2D61-4668-9225-D5AC10EC1AD5}.Release|Any CPU.Build.0 = Release|Any CPU
		{B9DCD928-B43B-4DAE-94A0-0F82D490F501}.Debug|Any CPU.ActiveCfg = Debug|Any CPU
		{B9DCD928-B43B-4DAE-94A0-0F82D490F501}.Debug|Any CPU.Build.0 = Debug|Any CPU
		{B9DCD928-B43B-4DAE-94A0-0F82D490F501}.Release|Any CPU.ActiveCfg = Release|Any CPU
		{B9DCD928-B43B-4DAE-94A0-0F82D490F501}.Release|Any CPU.Build.0 = Release|Any CPU
		{AC41B7C9-3231-4639-A81C-3E344AC2C30E}.Debug|Any CPU.ActiveCfg = Debug|Any CPU
		{AC41B7C9-3231-4639-A81C-3E344AC2C30E}.Debug|Any CPU.Build.0 = Debug|Any CPU
		{AC41B7C9-3231-4639-A81C-3E344AC2C30E}.Release|Any CPU.ActiveCfg = Release|Any CPU
		{AC41B7C9-3231-4639-A81C-3E344AC2C30E}.Release|Any CPU.Build.0 = Release|Any CPU
		{9A46EF9E-99CC-4679-970E-84507290105F}.Debug|Any CPU.ActiveCfg = Debug|Any CPU
		{9A46EF9E-99CC-4679-970E-84507290105F}.Debug|Any CPU.Build.0 = Debug|Any CPU
		{9A46EF9E-99CC-4679-970E-84507290105F}.Release|Any CPU.ActiveCfg = Release|Any CPU
		{9A46EF9E-99CC-4679-970E-84507290105F}.Release|Any CPU.Build.0 = Release|Any CPU
		{93286F61-AAE7-4A9A-9E79-F42C87BD5614}.Debug|Any CPU.ActiveCfg = Debug|Any CPU
		{93286F61-AAE7-4A9A-9E79-F42C87BD5614}.Debug|Any CPU.Build.0 = Debug|Any CPU
		{93286F61-AAE7-4A9A-9E79-F42C87BD5614}.Release|Any CPU.ActiveCfg = Release|Any CPU
		{93286F61-AAE7-4A9A-9E79-F42C87BD5614}.Release|Any CPU.Build.0 = Release|Any CPU
		{F2B62A71-9D96-4E70-903B-F61A24B80879}.Debug|Any CPU.ActiveCfg = Debug|Any CPU
		{F2B62A71-9D96-4E70-903B-F61A24B80879}.Debug|Any CPU.Build.0 = Debug|Any CPU
		{F2B62A71-9D96-4E70-903B-F61A24B80879}.Release|Any CPU.ActiveCfg = Release|Any CPU
		{F2B62A71-9D96-4E70-903B-F61A24B80879}.Release|Any CPU.Build.0 = Release|Any CPU
		{E6C067DB-ACBD-4AFA-B3AC-F144B3E40C31}.Debug|Any CPU.ActiveCfg = Debug|Any CPU
		{E6C067DB-ACBD-4AFA-B3AC-F144B3E40C31}.Debug|Any CPU.Build.0 = Debug|Any CPU
		{E6C067DB-ACBD-4AFA-B3AC-F144B3E40C31}.Release|Any CPU.ActiveCfg = Release|Any CPU
		{E6C067DB-ACBD-4AFA-B3AC-F144B3E40C31}.Release|Any CPU.Build.0 = Release|Any CPU
		{1CCB5139-4757-4B7E-844F-E70A0951BDC2}.Debug|Any CPU.ActiveCfg = Debug|Any CPU
		{1CCB5139-4757-4B7E-844F-E70A0951BDC2}.Debug|Any CPU.Build.0 = Debug|Any CPU
		{1CCB5139-4757-4B7E-844F-E70A0951BDC2}.Release|Any CPU.ActiveCfg = Release|Any CPU
		{1CCB5139-4757-4B7E-844F-E70A0951BDC2}.Release|Any CPU.Build.0 = Release|Any CPU
		{520D94B7-8A52-490B-A3A4-7B5935085AE1}.Debug|Any CPU.ActiveCfg = Debug|Any CPU
		{520D94B7-8A52-490B-A3A4-7B5935085AE1}.Debug|Any CPU.Build.0 = Debug|Any CPU
		{520D94B7-8A52-490B-A3A4-7B5935085AE1}.Release|Any CPU.ActiveCfg = Release|Any CPU
		{520D94B7-8A52-490B-A3A4-7B5935085AE1}.Release|Any CPU.Build.0 = Release|Any CPU
		{749F4FC4-FC08-439D-B8A1-EE5C66E24414}.Debug|Any CPU.ActiveCfg = Debug|Any CPU
		{749F4FC4-FC08-439D-B8A1-EE5C66E24414}.Debug|Any CPU.Build.0 = Debug|Any CPU
		{749F4FC4-FC08-439D-B8A1-EE5C66E24414}.Release|Any CPU.ActiveCfg = Release|Any CPU
		{749F4FC4-FC08-439D-B8A1-EE5C66E24414}.Release|Any CPU.Build.0 = Release|Any CPU
		{D5F5CAC2-A8B0-4C8C-96E8-2363FBA51C67}.Debug|Any CPU.ActiveCfg = Debug|Any CPU
		{D5F5CAC2-A8B0-4C8C-96E8-2363FBA51C67}.Debug|Any CPU.Build.0 = Debug|Any CPU
		{D5F5CAC2-A8B0-4C8C-96E8-2363FBA51C67}.Release|Any CPU.ActiveCfg = Release|Any CPU
		{D5F5CAC2-A8B0-4C8C-96E8-2363FBA51C67}.Release|Any CPU.Build.0 = Release|Any CPU
		{4B73035C-8F46-44F8-8FC0-D5B38F1E05C9}.Debug|Any CPU.ActiveCfg = Debug|Any CPU
		{4B73035C-8F46-44F8-8FC0-D5B38F1E05C9}.Debug|Any CPU.Build.0 = Debug|Any CPU
		{4B73035C-8F46-44F8-8FC0-D5B38F1E05C9}.Release|Any CPU.ActiveCfg = Release|Any CPU
		{4B73035C-8F46-44F8-8FC0-D5B38F1E05C9}.Release|Any CPU.Build.0 = Release|Any CPU
		{AC4642E2-E952-44AA-838B-D258FA8DE8DB}.Debug|Any CPU.ActiveCfg = Debug|Any CPU
		{AC4642E2-E952-44AA-838B-D258FA8DE8DB}.Debug|Any CPU.Build.0 = Debug|Any CPU
		{AC4642E2-E952-44AA-838B-D258FA8DE8DB}.Release|Any CPU.ActiveCfg = Release|Any CPU
		{AC4642E2-E952-44AA-838B-D258FA8DE8DB}.Release|Any CPU.Build.0 = Release|Any CPU
		{17137A24-8FD5-46B5-9E06-E41EA970E528}.Debug|Any CPU.ActiveCfg = Debug|Any CPU
		{17137A24-8FD5-46B5-9E06-E41EA970E528}.Debug|Any CPU.Build.0 = Debug|Any CPU
		{17137A24-8FD5-46B5-9E06-E41EA970E528}.Release|Any CPU.ActiveCfg = Release|Any CPU
		{17137A24-8FD5-46B5-9E06-E41EA970E528}.Release|Any CPU.Build.0 = Release|Any CPU
		{52271A11-3CBE-48F2-AA40-4474C647547C}.Debug|Any CPU.ActiveCfg = Debug|Any CPU
		{52271A11-3CBE-48F2-AA40-4474C647547C}.Debug|Any CPU.Build.0 = Debug|Any CPU
		{52271A11-3CBE-48F2-AA40-4474C647547C}.Release|Any CPU.ActiveCfg = Release|Any CPU
		{52271A11-3CBE-48F2-AA40-4474C647547C}.Release|Any CPU.Build.0 = Release|Any CPU
		{6C58DAB4-0CA0-49F4-96F2-2CCDB9F60759}.Debug|Any CPU.ActiveCfg = Debug|Any CPU
		{6C58DAB4-0CA0-49F4-96F2-2CCDB9F60759}.Debug|Any CPU.Build.0 = Debug|Any CPU
		{6C58DAB4-0CA0-49F4-96F2-2CCDB9F60759}.Release|Any CPU.ActiveCfg = Release|Any CPU
		{6C58DAB4-0CA0-49F4-96F2-2CCDB9F60759}.Release|Any CPU.Build.0 = Release|Any CPU
		{614A8E7D-D790-4D22-8DB1-4B3DA8684A22}.Debug|Any CPU.ActiveCfg = Debug|Any CPU
		{614A8E7D-D790-4D22-8DB1-4B3DA8684A22}.Debug|Any CPU.Build.0 = Debug|Any CPU
		{614A8E7D-D790-4D22-8DB1-4B3DA8684A22}.Release|Any CPU.ActiveCfg = Release|Any CPU
		{614A8E7D-D790-4D22-8DB1-4B3DA8684A22}.Release|Any CPU.Build.0 = Release|Any CPU
		{1A543D21-552B-4024-97B3-62E6147AA2BE}.Debug|Any CPU.ActiveCfg = Debug|Any CPU
		{1A543D21-552B-4024-97B3-62E6147AA2BE}.Debug|Any CPU.Build.0 = Debug|Any CPU
		{1A543D21-552B-4024-97B3-62E6147AA2BE}.Release|Any CPU.ActiveCfg = Release|Any CPU
		{1A543D21-552B-4024-97B3-62E6147AA2BE}.Release|Any CPU.Build.0 = Release|Any CPU
	EndGlobalSection
	GlobalSection(SolutionProperties) = preSolution
		HideSolutionNode = FALSE
	EndGlobalSection
	GlobalSection(ExtensibilityGlobals) = postSolution
		SolutionGuid = {AFC00312-F5F8-4DA0-9D04-FEF4CBC49D4F}
	EndGlobalSection
EndGlobal
