
Microsoft Visual Studio Solution File, Format Version 12.00
# Visual Studio Version 17
VisualStudioVersion = 17.13.35828.75
MinimumVisualStudioVersion = 10.0.40219.1
Project("{FAE04EC0-301F-11D3-BF4B-00C04F79EFBC}") = "Ex1.ConsoleApp", "Ex1.ConsoleApp\Ex1.ConsoleApp.csproj", "{F30BD035-CE6D-4327-A8F7-7F0341F41DB7}"
EndProject
Project("{FAE04EC0-301F-11D3-BF4B-00C04F79EFBC}") = "Ex2.ConsoleApp", "Ex2.ConsoleApp\Ex2.ConsoleApp.csproj", "{68715F33-02E1-4E52-93E5-9C8EB557BA3B}"
EndProject
Project("{FAE04EC0-301F-11D3-BF4B-00C04F79EFBC}") = "Ex3.ConsoleApp", "Ex3.ConsoleApp\Ex3.ConsoleApp.csproj", "{B0691F60-6953-4FC1-93A6-9AD0EFEFA6F6}"
EndProject
Project("{FAE04EC0-301F-11D3-BF4B-00C04F79EFBC}") = "Ex4.ConsoleApp", "Ex4.ConsoleApp\Ex4.ConsoleApp.csproj", "{9C3A638D-5B42-419F-9E71-EC3F1FD8DB0D}"
EndProject
Project("{FAE04EC0-301F-11D3-BF4B-00C04F79EFBC}") = "Ex5.ConsoleApp", "Ex5.ConsoleApp\Ex5.ConsoleApp.csproj", "{849EF605-2D61-4668-9225-D5AC10EC1AD5}"
EndProject
Project("{FAE04EC0-301F-11D3-BF4B-00C04F79EFBC}") = "Ex6.ConsoleApp", "Ex6.ConsoleApp\Ex6.ConsoleApp.csproj", "{B9DCD928-B43B-4DAE-94A0-0F82D490F501}"
EndProject
Project("{FAE04EC0-301F-11D3-BF4B-00C04F79EFBC}") = "Ex7.ConsoleApp", "Ex7.ConsoleApp\Ex7.ConsoleApp.csproj", "{AC41B7C9-3231-4639-A81C-3E344AC2C30E}"
EndProject
Project("{FAE04EC0-301F-11D3-BF4B-00C04F79EFBC}") = "Ex8.ConsoleApp", "Ex8.ConsoleApp\Ex8.ConsoleApp.csproj", "{9A46EF9E-99CC-4679-970E-84507290105F}"
EndProject
Project("{FAE04EC0-301F-11D3-BF4B-00C04F79EFBC}") = "Ex9.ConsoleApp", "Ex9.ConsoleApp\Ex9.ConsoleApp.csproj", "{93286F61-AAE7-4A9A-9E79-F42C87BD5614}"
EndProject
Global
	GlobalSection(SolutionConfigurationPlatforms) = preSolution
		Debug|Any CPU = Debug|Any CPU
		Release|Any CPU = Release|Any CPU
	EndGlobalSection
	GlobalSection(ProjectConfigurationPlatforms) = postSolution
		{F30BD035-CE6D-4327-A8F7-7F0341F41DB7}.Debug|Any CPU.ActiveCfg = Debug|Any CPU
		{F30BD035-CE6D-4327-A8F7-7F0341F41DB7}.Debug|Any CPU.Build.0 = Debug|Any CPU
		{F30BD035-CE6D-4327-A8F7-7F0341F41DB7}.Release|Any CPU.ActiveCfg = Release|Any CPU
		{F30BD035-CE6D-4327-A8F7-7F0341F41DB7}.Release|Any CPU.Build.0 = Release|Any CPU
		{68715F33-02E1-4E52-93E5-9C8EB557BA3B}.Debug|Any CPU.ActiveCfg = Debug|Any CPU
		{68715F33-02E1-4E52-93E5-9C8EB557BA3B}.Debug|Any CPU.Build.0 = Debug|Any CPU
		{68715F33-02E1-4E52-93E5-9C8EB557BA3B}.Release|Any CPU.ActiveCfg = Release|Any CPU
		{68715F33-02E1-4E52-93E5-9C8EB557BA3B}.Release|Any CPU.Build.0 = Release|Any CPU
		{B0691F60-6953-4FC1-93A6-9AD0EFEFA6F6}.Debug|Any CPU.ActiveCfg = Debug|Any CPU
		{B0691F60-6953-4FC1-93A6-9AD0EFEFA6F6}.Debug|Any CPU.Build.0 = Debug|Any CPU
		{B0691F60-6953-4FC1-93A6-9AD0EFEFA6F6}.Release|Any CPU.ActiveCfg = Release|Any CPU
		{B0691F60-6953-4FC1-93A6-9AD0EFEFA6F6}.Release|Any CPU.Build.0 = Release|Any CPU
		{9C3A638D-5B42-419F-9E71-EC3F1FD8DB0D}.Debug|Any CPU.ActiveCfg = Debug|Any CPU
		{9C3A638D-5B42-419F-9E71-EC3F1FD8DB0D}.Debug|Any CPU.Build.0 = Debug|Any CPU
		{9C3A638D-5B42-419F-9E71-EC3F1FD8DB0D}.Release|Any CPU.ActiveCfg = Release|Any CPU
		{9C3A638D-5B42-419F-9E71-EC3F1FD8DB0D}.Release|Any CPU.Build.0 = Release|Any CPU
		{849EF605-2D61-4668-9225-D5AC10EC1AD5}.Debug|Any CPU.ActiveCfg = Debug|Any CPU
		{849EF605-2D61-4668-9225-D5AC10EC1AD5}.Debug|Any CPU.Build.0 = Debug|Any CPU
		{849EF605-2D61-4668-9225-D5AC10EC1AD5}.Release|Any CPU.ActiveCfg = Release|Any CPU
		{849EF605-2D61-4668-9225-D5AC10EC1AD5}.Release|Any CPU.Build.0 = Release|Any CPU
		{B9DCD928-B43B-4DAE-94A0-0F82D490F501}.Debug|Any CPU.ActiveCfg = Debug|Any CPU
		{B9DCD928-B43B-4DAE-94A0-0F82D490F501}.Debug|Any CPU.Build.0 = Debug|Any CPU
		{B9DCD928-B43B-4DAE-94A0-0F82D490F501}.Release|Any CPU.ActiveCfg = Release|Any CPU
		{B9DCD928-B43B-4DAE-94A0-0F82D490F501}.Release|Any CPU.Build.0 = Release|Any CPU
		{AC41B7C9-3231-4639-A81C-3E344AC2C30E}.Debug|Any CPU.ActiveCfg = Debug|Any CPU
		{AC41B7C9-3231-4639-A81C-3E344AC2C30E}.Debug|Any CPU.Build.0 = Debug|Any CPU
		{AC41B7C9-3231-4639-A81C-3E344AC2C30E}.Release|Any CPU.ActiveCfg = Release|Any CPU
		{AC41B7C9-3231-4639-A81C-3E344AC2C30E}.Release|Any CPU.Build.0 = Release|Any CPU
		{9A46EF9E-99CC-4679-970E-84507290105F}.Debug|Any CPU.ActiveCfg = Debug|Any CPU
		{9A46EF9E-99CC-4679-970E-84507290105F}.Debug|Any CPU.Build.0 = Debug|Any CPU
		{9A46EF9E-99CC-4679-970E-84507290105F}.Release|Any CPU.ActiveCfg = Release|Any CPU
		{9A46EF9E-99CC-4679-970E-84507290105F}.Release|Any CPU.Build.0 = Release|Any CPU
		{93286F61-AAE7-4A9A-9E79-F42C87BD5614}.Debug|Any CPU.ActiveCfg = Debug|Any CPU
		{93286F61-AAE7-4A9A-9E79-F42C87BD5614}.Debug|Any CPU.Build.0 = Debug|Any CPU
		{93286F61-AAE7-4A9A-9E79-F42C87BD5614}.Release|Any CPU.ActiveCfg = Release|Any CPU
		{93286F61-AAE7-4A9A-9E79-F42C87BD5614}.Release|Any CPU.Build.0 = Release|Any CPU
	EndGlobalSection
	GlobalSection(SolutionProperties) = preSolution
		HideSolutionNode = FALSE
	EndGlobalSection
	GlobalSection(ExtensibilityGlobals) = postSolution
		SolutionGuid = {AFC00312-F5F8-4DA0-9D04-FEF4CBC49D4F}
	EndGlobalSection
EndGlobal
