
Microsoft Visual Studio Solution File, Format Version 12.00
# Visual Studio Version 17
VisualStudioVersion = 17.13.35828.75 d17.13
MinimumVisualStudioVersion = 10.0.40219.1
Project("{FAE04EC0-301F-11D3-BF4B-00C04F79EFBC}") = "hangman_game", "hangman_game.csproj", "{284C5BF2-C04C-4D5E-6286-4B70DB2FCC52}"
EndProject
Global
	GlobalSection(SolutionConfigurationPlatforms) = preSolution
		Debug|Any CPU = Debug|Any CPU
		Release|Any CPU = Release|Any CPU
	EndGlobalSection
	GlobalSection(ProjectConfigurationPlatforms) = postSolution
		{284C5BF2-C04C-4D5E-6286-4B70DB2FCC52}.Debug|Any CPU.ActiveCfg = Debug|Any CPU
		{284C5BF2-C04C-4D5E-6286-4B70DB2FCC52}.Debug|Any CPU.Build.0 = Debug|Any CPU
		{284C5BF2-C04C-4D5E-6286-4B70DB2FCC52}.Release|Any CPU.ActiveCfg = Release|Any CPU
		{284C5BF2-C04C-4D5E-6286-4B70DB2FCC52}.Release|Any CPU.Build.0 = Release|Any CPU
	EndGlobalSection
	GlobalSection(SolutionProperties) = preSolution
		HideSolutionNode = FALSE
	EndGlobalSection
	GlobalSection(ExtensibilityGlobals) = postSolution
		SolutionGuid = {15194A5D-F657-412E-B844-1531EF051356}
	EndGlobalSection
EndGlobal
